{
  "version": "5",
  "specifiers": {
    "jsr:@cross/deepmerge@1": "1.0.0",
    "jsr:@cross/env@^1.0.3": "1.0.3",
    "jsr:@cross/runtime@1": "1.2.1",
    "jsr:@std/assert@1.0.16": "1.0.16",
    "jsr:@std/internal@^1.0.12": "1.0.12",
    "npm:ansi-regex@^6.2.2": "6.2.2"
  },
  "jsr": {
    "@cross/deepmerge@1.0.0": {
      "integrity": "1e1318a74e31ba1959b9aa0acae8bd417b806f74ffd25ac07c90e12f83ad6b1d"
    },
    "@cross/env@1.0.3": {
      "integrity": "218d2dd68bec55cf047d1670a8bddc304b9c011a8ad22e647afa916bb796c8b4",
      "dependencies": [
        "jsr:@cross/deepmerge",
        "jsr:@cross/runtime"
      ]
    },
    "@cross/runtime@1.2.1": {
      "integrity": "f462fcf2fd678f9073291b4e55209b90f58c8d508764a84205d178abdcf22fc9"
    },
    "@std/assert@1.0.16": {
      "integrity": "6a7272ed1eaa77defe76e5ff63ca705d9c495077e2d5fd0126d2b53fc5bd6532",
      "dependencies": [
        "jsr:@std/internal"
      ]
    },
    "@std/internal@1.0.12": {
      "integrity": "972a634fd5bc34b242024402972cd5143eac68d8dffaca5eaa4dba30ce17b027"
    }
  },
  "npm": {
    "ansi-regex@6.2.2": {
      "integrity": "sha512-Bq3SmSpyFHaWjPk8If9yc6svM8c56dB5BAtW4Qbw5jHTwwXXcTLoRMkpDJp6VL0XzlWaCHTXrkFURMYmD0sLqg=="
    }
  },
  "workspace": {
    "dependencies": [
      "jsr:@cross/env@^1.0.3",
      "npm:ansi-regex@^6.2.2"
    ]
  }
}
